
Microsoft Visual Studio Solution File, Format Version 12.00
# Visual Studio 15
Project("{FAE04EC0-301F-11D3-BF4B-00C04F79EFBC}") = "Ref", "Ref\Ref.csproj", "{3A6DADF6-142F-4C65-A570-94E48A517A75}"
EndProject
Project("{FAE04EC0-301F-11D3-BF4B-00C04F79EFBC}") = "CalculatorLibrary", "CalculatorLibrary\CalculatorLibrary.csproj", "{F57F395C-4F0D-45A2-B615-FE9E543DD21B}"
EndProject
Global
	GlobalSection(SolutionConfigurationPlatforms) = preSolution
		Debug|Any CPU = Debug|Any CPU
		Release|Any CPU = Release|Any CPU
	EndGlobalSection
	GlobalSection(ProjectConfigurationPlatforms) = postSolution
		{3A6DADF6-142F-4C65-A570-94E48A517A75}.Debug|Any CPU.ActiveCfg = Debug|Any CPU
		{3A6DADF6-142F-4C65-A570-94E48A517A75}.Debug|Any CPU.Build.0 = Debug|Any CPU
		{3A6DADF6-142F-4C65-A570-94E48A517A75}.Release|Any CPU.ActiveCfg = Release|Any CPU
		{3A6DADF6-142F-4C65-A570-94E48A517A75}.Release|Any CPU.Build.0 = Release|Any CPU
		{F57F395C-4F0D-45A2-B615-FE9E543DD21B}.Debug|Any CPU.ActiveCfg = Debug|Any CPU
		{F57F395C-4F0D-45A2-B615-FE9E543DD21B}.Debug|Any CPU.Build.0 = Debug|Any CPU
		{F57F395C-4F0D-45A2-B615-FE9E543DD21B}.Release|Any CPU.ActiveCfg = Release|Any CPU
		{F57F395C-4F0D-45A2-B615-FE9E543DD21B}.Release|Any CPU.Build.0 = Release|Any CPU
	EndGlobalSection
EndGlobal
